
Microsoft Visual Studio Solution File, Format Version 12.00
# Visual Studio Version 16
VisualStudioVersion = 16.0.30711.63
MinimumVisualStudioVersion = 10.0.40219.1
Project("{FAE04EC0-301F-11D3-BF4B-00C04F79EFBC}") = "CP02TD1Exercice2", "CP02TD1Exercice2\CP02TD1Exercice2.csproj", "{084FB470-805E-492F-8E3F-1058C3A8B655}"
EndProject
Global
	GlobalSection(SolutionConfigurationPlatforms) = preSolution
		Debug|Any CPU = Debug|Any CPU
		Release|Any CPU = Release|Any CPU
	EndGlobalSection
	GlobalSection(ProjectConfigurationPlatforms) = postSolution
		{084FB470-805E-492F-8E3F-1058C3A8B655}.Debug|Any CPU.ActiveCfg = Debug|Any CPU
		{084FB470-805E-492F-8E3F-1058C3A8B655}.Debug|Any CPU.Build.0 = Debug|Any CPU
		{084FB470-805E-492F-8E3F-1058C3A8B655}.Release|Any CPU.ActiveCfg = Release|Any CPU
		{084FB470-805E-492F-8E3F-1058C3A8B655}.Release|Any CPU.Build.0 = Release|Any CPU
	EndGlobalSection
	GlobalSection(SolutionProperties) = preSolution
		HideSolutionNode = FALSE
	EndGlobalSection
	GlobalSection(ExtensibilityGlobals) = postSolution
		SolutionGuid = {99A94BC7-F017-4D67-80CB-EC22E0C84FC3}
	EndGlobalSection
EndGlobal
